
Microsoft Visual Studio Solution File, Format Version 12.00
# Visual Studio Version 17
VisualStudioVersion = 17.14.36127.28 d17.14
MinimumVisualStudioVersion = 10.0.40219.1
Project("{FAE04EC0-301F-11D3-BF4B-00C04F79EFBC}") = "Task3_1", "Task3_1\Task3_1.csproj", "{106B4F26-002D-447A-8726-4E0D6B28ABDD}"
EndProject
Global
	GlobalSection(SolutionConfigurationPlatforms) = preSolution
		Debug|Any CPU = Debug|Any CPU
		Release|Any CPU = Release|Any CPU
	EndGlobalSection
	GlobalSection(ProjectConfigurationPlatforms) = postSolution
		{106B4F26-002D-447A-8726-4E0D6B28ABDD}.Debug|Any CPU.ActiveCfg = Debug|Any CPU
		{106B4F26-002D-447A-8726-4E0D6B28ABDD}.Debug|Any CPU.Build.0 = Debug|Any CPU
		{106B4F26-002D-447A-8726-4E0D6B28ABDD}.Release|Any CPU.ActiveCfg = Release|Any CPU
		{106B4F26-002D-447A-8726-4E0D6B28ABDD}.Release|Any CPU.Build.0 = Release|Any CPU
	EndGlobalSection
	GlobalSection(SolutionProperties) = preSolution
		HideSolutionNode = FALSE
	EndGlobalSection
	GlobalSection(ExtensibilityGlobals) = postSolution
		SolutionGuid = {55F49250-DA40-4D5A-8314-6A4BBD3D7177}
	EndGlobalSection
EndGlobal
